// !$*UTF8*$!
{
	archiveVersion = 1;
	classes = {
	};
	objectVersion = 50;
	objects = {

/* Begin PBXBuildFile section */
		1D07E85E20E9CF74002F8E93 /* AppDelegate.swift in Sources */ = {isa = PBXBuildFile; fileRef = 1D07E85D20E9CF74002F8E93 /* AppDelegate.swift */; };
		1D07E86020E9CF74002F8E93 /* ViewController.swift in Sources */ = {isa = PBXBuildFile; fileRef = 1D07E85F20E9CF74002F8E93 /* ViewController.swift */; };
		1D07E86320E9CF74002F8E93 /* Main.storyboard in Resources */ = {isa = PBXBuildFile; fileRef = 1D07E86120E9CF74002F8E93 /* Main.storyboard */; };
		1D07E86520E9CF75002F8E93 /* Assets.xcassets in Resources */ = {isa = PBXBuildFile; fileRef = 1D07E86420E9CF75002F8E93 /* Assets.xcassets */; };
		1D07E86820E9CF75002F8E93 /* LaunchScreen.storyboard in Resources */ = {isa = PBXBuildFile; fileRef = 1D07E86620E9CF75002F8E93 /* LaunchScreen.storyboard */; };
		1D07E87020E9FEEA002F8E93 /* VictoryViewController.swift in Sources */ = {isa = PBXBuildFile; fileRef = 1D07E86F20E9FEEA002F8E93 /* VictoryViewController.swift */; };
		1D34677520EDA8100009CDA3 /* HomeViewController.swift in Sources */ = {isa = PBXBuildFile; fileRef = 1D34677420EDA8100009CDA3 /* HomeViewController.swift */; };
		1D34677B20EDB5EF0009CDA3 /* LeaderboardViewController.swift in Sources */ = {isa = PBXBuildFile; fileRef = 1D34677A20EDB5EF0009CDA3 /* LeaderboardViewController.swift */; };
		1D34677D20EDEA3E0009CDA3 /* MatchTableViewCell.swift in Sources */ = {isa = PBXBuildFile; fileRef = 1D34677C20EDEA3E0009CDA3 /* MatchTableViewCell.swift */; };
/* End PBXBuildFile section */

/* Begin PBXFileReference section */
		1D07E85A20E9CF74002F8E93 /* Tap App.app */ = {isa = PBXFileReference; explicitFileType = wrapper.application; includeInIndex = 0; path = "Tap App.app"; sourceTree = BUILT_PRODUCTS_DIR; };
		1D07E85D20E9CF74002F8E93 /* AppDelegate.swift */ = {isa = PBXFileReference; lastKnownFileType = sourcecode.swift; path = AppDelegate.swift; sourceTree = "<group>"; };
		1D07E85F20E9CF74002F8E93 /* ViewController.swift */ = {isa = PBXFileReference; lastKnownFileType = sourcecode.swift; path = ViewController.swift; sourceTree = "<group>"; };
		1D07E86220E9CF74002F8E93 /* Base */ = {isa = PBXFileReference; lastKnownFileType = file.storyboard; name = Base; path = Base.lproj/Main.storyboard; sourceTree = "<group>"; };
		1D07E86420E9CF75002F8E93 /* Assets.xcassets */ = {isa = PBXFileReference; lastKnownFileType = folder.assetcatalog; path = Assets.xcassets; sourceTree = "<group>"; };
		1D07E86720E9CF75002F8E93 /* Base */ = {isa = PBXFileReference; lastKnownFileType = file.storyboard; name = Base; path = Base.lproj/LaunchScreen.storyboard; sourceTree = "<group>"; };
		1D07E86920E9CF75002F8E93 /* Info.plist */ = {isa = PBXFileReference; lastKnownFileType = text.plist.xml; path = Info.plist; sourceTree = "<group>"; };
		1D07E86F20E9FEEA002F8E93 /* VictoryViewController.swift */ = {isa = PBXFileReference; lastKnownFileType = sourcecode.swift; path = VictoryViewController.swift; sourceTree = "<group>"; };
		1D34677420EDA8100009CDA3 /* HomeViewController.swift */ = {isa = PBXFileReference; lastKnownFileType = sourcecode.swift; path = HomeViewController.swift; sourceTree = "<group>"; };
		1D34677A20EDB5EF0009CDA3 /* LeaderboardViewController.swift */ = {isa = PBXFileReference; lastKnownFileType = sourcecode.swift; path = LeaderboardViewController.swift; sourceTree = "<group>"; };
		1D34677C20EDEA3E0009CDA3 /* MatchTableViewCell.swift */ = {isa = PBXFileReference; lastKnownFileType = sourcecode.swift; path = MatchTableViewCell.swift; sourceTree = "<group>"; };
/* End PBXFileReference section */

/* Begin PBXFrameworksBuildPhase section */
		1D07E85720E9CF74002F8E93 /* Frameworks */ = {
			isa = PBXFrameworksBuildPhase;
			buildActionMask = 2147483647;
			files = (
			);
			runOnlyForDeploymentPostprocessing = 0;
		};
/* End PBXFrameworksBuildPhase section */

/* Begin PBXGroup section */
		1D07E85120E9CF74002F8E93 = {
			isa = PBXGroup;
			children = (
				1D07E85C20E9CF74002F8E93 /* Tap App */,
				1D07E85B20E9CF74002F8E93 /* Products */,
			);
			sourceTree = "<group>";
		};
		1D07E85B20E9CF74002F8E93 /* Products */ = {
			isa = PBXGroup;
			children = (
				1D07E85A20E9CF74002F8E93 /* Tap App.app */,
			);
			name = Products;
			sourceTree = "<group>";
		};
		1D07E85C20E9CF74002F8E93 /* Tap App */ = {
			isa = PBXGroup;
			children = (
				1D07E85D20E9CF74002F8E93 /* AppDelegate.swift */,
				1D07E85F20E9CF74002F8E93 /* ViewController.swift */,
				1D07E86120E9CF74002F8E93 /* Main.storyboard */,
				1D34677C20EDEA3E0009CDA3 /* MatchTableViewCell.swift */,
				1D34677A20EDB5EF0009CDA3 /* LeaderboardViewController.swift */,
				1D07E86420E9CF75002F8E93 /* Assets.xcassets */,
				1D07E86620E9CF75002F8E93 /* LaunchScreen.storyboard */,
				1D07E86920E9CF75002F8E93 /* Info.plist */,
				1D07E86F20E9FEEA002F8E93 /* VictoryViewController.swift */,
				1D34677420EDA8100009CDA3 /* HomeViewController.swift */,
			);
			path = "Tap App";
			sourceTree = "<group>";
		};
/* End PBXGroup section */

/* Begin PBXNativeTarget section */
		1D07E85920E9CF74002F8E93 /* Tap App */ = {
			isa = PBXNativeTarget;
			buildConfigurationList = 1D07E86C20E9CF75002F8E93 /* Build configuration list for PBXNativeTarget "Tap App" */;
			buildPhases = (
				1D07E85620E9CF74002F8E93 /* Sources */,
				1D07E85720E9CF74002F8E93 /* Frameworks */,
				1D07E85820E9CF74002F8E93 /* Resources */,
			);
			buildRules = (
			);
			dependencies = (
			);
			name = "Tap App";
			productName = "Tap App";
			productReference = 1D07E85A20E9CF74002F8E93 /* Tap App.app */;
			productType = "com.apple.product-type.application";
		};
/* End PBXNativeTarget section */

/* Begin PBXProject section */
		1D07E85220E9CF74002F8E93 /* Project object */ = {
			isa = PBXProject;
			attributes = {
				LastSwiftUpdateCheck = 0940;
				LastUpgradeCheck = 0940;
				ORGANIZATIONNAME = "Axiom Axiom";
				TargetAttributes = {
					1D07E85920E9CF74002F8E93 = {
						CreatedOnToolsVersion = 9.4.1;
					};
				};
			};
			buildConfigurationList = 1D07E85520E9CF74002F8E93 /* Build configuration list for PBXProject "Tap App" */;
			compatibilityVersion = "Xcode 9.3";
			developmentRegion = en;
			hasScannedForEncodings = 0;
			knownRegions = (
				en,
				Base,
			);
			mainGroup = 1D07E85120E9CF74002F8E93;
			productRefGroup = 1D07E85B20E9CF74002F8E93 /* Products */;
			projectDirPath = "";
			projectRoot = "";
			targets = (
				1D07E85920E9CF74002F8E93 /* Tap App */,
			);
		};
/* End PBXProject section */

/* Begin PBXResourcesBuildPhase section */
		1D07E85820E9CF74002F8E93 /* Resources */ = {
			isa = PBXResourcesBuildPhase;
			buildActionMask = 2147483647;
			files = (
				1D07E86820E9CF75002F8E93 /* LaunchScreen.storyboard in Resources */,
				1D07E86520E9CF75002F8E93 /* Assets.xcassets in Resources */,
				1D07E86320E9CF74002F8E93 /* Main.storyboard in Resources */,
			);
			runOnlyForDeploymentPostprocessing = 0;
		};
/* End PBXResourcesBuildPhase section */

/* Begin PBXSourcesBuildPhase section */
		1D07E85620E9CF74002F8E93 /* Sources */ = {
			isa = PBXSourcesBuildPhase;
			buildActionMask = 2147483647;
			files = (
				1D07E86020E9CF74002F8E93 /* ViewController.swift in Sources */,
				1D34677D20EDEA3E0009CDA3 /* MatchTableViewCell.swift in Sources */,
				1D07E87020E9FEEA002F8E93 /* VictoryViewController.swift in Sources */,
				1D34677B20EDB5EF0009CDA3 /* LeaderboardViewController.swift in Sources */,
				1D07E85E20E9CF74002F8E93 /* AppDelegate.swift in Sources */,
				1D34677520EDA8100009CDA3 /* HomeViewController.swift in Sources */,
			);
			runOnlyForDeploymentPostprocessing = 0;
		};
/* End PBXSourcesBuildPhase section */

/* Begin PBXVariantGroup section */
		1D07E86120E9CF74002F8E93 /* Main.storyboard */ = {
			isa = PBXVariantGroup;
			children = (
				1D07E86220E9CF74002F8E93 /* Base */,
			);
			name = Main.storyboard;
			sourceTree = "<group>";
		};
		1D07E86620E9CF75002F8E93 /* LaunchScreen.storyboard */ = {
			isa = PBXVariantGroup;
			children = (
				1D07E86720E9CF75002F8E93 /* Base */,
			);
			name = LaunchScreen.storyboard;
			sourceTree = "<group>";
		};
/* End PBXVariantGroup section */

/* Begin XCBuildConfiguration section */
		1D07E86A20E9CF75002F8E93 /* Debug */ = {
			isa = XCBuildConfiguration;
			buildSettings = {
				ALWAYS_SEARCH_USER_PATHS = NO;
				CLANG_ANALYZER_NONNULL = YES;
				CLANG_ANALYZER_NUMBER_OBJECT_CONVERSION = YES_AGGRESSIVE;
				CLANG_CXX_LANGUAGE_STANDARD = "gnu++14";
				CLANG_CXX_LIBRARY = "libc++";
				CLANG_ENABLE_MODULES = YES;
				CLANG_ENABLE_OBJC_ARC = YES;
				CLANG_ENABLE_OBJC_WEAK = YES;
				CLANG_WARN_BLOCK_CAPTURE_AUTORELEASING = YES;
				CLANG_WARN_BOOL_CONVERSION = YES;
				CLANG_WARN_COMMA = YES;
				CLANG_WARN_CONSTANT_CONVERSION = YES;
				CLANG_WARN_DEPRECATED_OBJC_IMPLEMENTATIONS = YES;
				CLANG_WARN_DIRECT_OBJC_ISA_USAGE = YES_ERROR;
				CLANG_WARN_DOCUMENTATION_COMMENTS = YES;
				CLANG_WARN_EMPTY_BODY = YES;
				CLANG_WARN_ENUM_CONVERSION = YES;
				CLANG_WARN_INFINITE_RECURSION = YES;
				CLANG_WARN_INT_CONVERSION = YES;
				CLANG_WARN_NON_LITERAL_NULL_CONVERSION = YES;
				CLANG_WARN_OBJC_IMPLICIT_RETAIN_SELF = YES;
				CLANG_WARN_OBJC_LITERAL_CONVERSION = YES;
				CLANG_WARN_OBJC_ROOT_CLASS = YES_ERROR;
				CLANG_WARN_RANGE_LOOP_ANALYSIS = YES;
				CLANG_WARN_STRICT_PROTOTYPES = YES;
				CLANG_WARN_SUSPICIOUS_MOVE = YES;
				CLANG_WARN_UNGUARDED_AVAILABILITY = YES_AGGRESSIVE;
				CLANG_WARN_UNREACHABLE_CODE = YES;
				CLANG_WARN__DUPLICATE_METHOD_MATCH = YES;
				CODE_SIGN_IDENTITY = "iPhone Developer";
				COPY_PHASE_STRIP = NO;
				DEBUG_INFORMATION_FORMAT = dwarf;
				ENABLE_STRICT_OBJC_MSGSEND = YES;
				ENABLE_TESTABILITY = YES;
				GCC_C_LANGUAGE_STANDARD = gnu11;
				GCC_DYNAMIC_NO_PIC = NO;
				GCC_NO_COMMON_BLOCKS = YES;
				GCC_OPTIMIZATION_LEVEL = 0;
				GCC_PREPROCESSOR_DEFINITIONS = (
					"DEBUG=1",
					"$(inherited)",
				);
				GCC_WARN_64_TO_32_BIT_CONVERSION = YES;
				GCC_WARN_ABOUT_RETURN_TYPE = YES_ERROR;
				GCC_WARN_UNDECLARED_SELECTOR = YES;
				GCC_WARN_UNINITIALIZED_AUTOS = YES_AGGRESSIVE;
				GCC_WARN_UNUSED_FUNCTION = YES;
				GCC_WARN_UNUSED_VARIABLE = YES;
				IPHONEOS_DEPLOYMENT_TARGET = 11.4;
				MTL_ENABLE_DEBUG_INFO = YES;
				ONLY_ACTIVE_ARCH = YES;
				SDKROOT = iphoneos;
				SWIFT_ACTIVE_COMPILATION_CONDITIONS = DEBUG;
				SWIFT_OPTIMIZATION_LEVEL = "-Onone";
			};
			name = Debug;
		};
		1D07E86B20E9CF75002F8E93 /* Release */ = {
			isa = XCBuildConfiguration;
			buildSettings = {
				ALWAYS_SEARCH_USER_PATHS = NO;
				CLANG_ANALYZER_NONNULL = YES;
				CLANG_ANALYZER_NUMBER_OBJECT_CONVERSION = YES_AGGRESSIVE;
				CLANG_CXX_LANGUAGE_STANDARD = "gnu++14";
				CLANG_CXX_LIBRARY = "libc++";
				CLANG_ENABLE_MODULES = YES;
				CLANG_ENABLE_OBJC_ARC = YES;
				CLANG_ENABLE_OBJC_WEAK = YES;
				CLANG_WARN_BLOCK_CAPTURE_AUTORELEASING = YES;
				CLANG_WARN_BOOL_CONVERSION = YES;
				CLANG_WARN_COMMA = YES;
				CLANG_WARN_CONSTANT_CONVERSION = YES;
				CLANG_WARN_DEPRECATED_OBJC_IMPLEMENTATIONS = YES;
				CLANG_WARN_DIRECT_OBJC_ISA_USAGE = YES_ERROR;
				CLANG_WARN_DOCUMENTATION_COMMENTS = YES;
				CLANG_WARN_EMPTY_BODY = YES;
				CLANG_WARN_ENUM_CONVERSION = YES;
				CLANG_WARN_INFINITE_RECURSION = YES;
				CLANG_WARN_INT_CONVERSION = YES;
				CLANG_WARN_NON_LITERAL_NULL_CONVERSION = YES;
				CLANG_WARN_OBJC_IMPLICIT_RETAIN_SELF = YES;
				CLANG_WARN_OBJC_LITERAL_CONVERSION = YES;
				CLANG_WARN_OBJC_ROOT_CLASS = YES_ERROR;
				CLANG_WARN_RANGE_LOOP_ANALYSIS = YES;
				CLANG_WARN_STRICT_PROTOTYPES = YES;
				CLANG_WARN_SUSPICIOUS_MOVE = YES;
				CLANG_WARN_UNGUARDED_AVAILABILITY = YES_AGGRESSIVE;
				CLANG_WARN_UNREACHABLE_CODE = YES;
				CLANG_WARN__DUPLICATE_METHOD_MATCH = YES;
				CODE_SIGN_IDENTITY = "iPhone Developer";
				COPY_PHASE_STRIP = NO;
				DEBUG_INFORMATION_FORMAT = "dwarf-with-dsym";
				ENABLE_NS_ASSERTIONS = NO;
				ENABLE_STRICT_OBJC_MSGSEND = YES;
				GCC_C_LANGUAGE_STANDARD = gnu11;
				GCC_NO_COMMON_BLOCKS = YES;
				GCC_WARN_64_TO_32_BIT_CONVERSION = YES;
				GCC_WARN_ABOUT_RETURN_TYPE = YES_ERROR;
				GCC_WARN_UNDECLARED_SELECTOR = YES;
				GCC_WARN_UNINITIALIZED_AUTOS = YES_AGGRESSIVE;
				GCC_WARN_UNUSED_FUNCTION = YES;
				GCC_WARN_UNUSED_VARIABLE = YES;
				IPHONEOS_DEPLOYMENT_TARGET = 11.4;
				MTL_ENABLE_DEBUG_INFO = NO;
				SDKROOT = iphoneos;
				SWIFT_COMPILATION_MODE = wholemodule;
				SWIFT_OPTIMIZATION_LEVEL = "-O";
				VALIDATE_PRODUCT = YES;
			};
			name = Release;
		};
		1D07E86D20E9CF75002F8E93 /* Debug */ = {
			isa = XCBuildConfiguration;
			buildSettings = {
				ASSETCATALOG_COMPILER_APPICON_NAME = AppIcon;
				CODE_SIGN_STYLE = Automatic;
				DEVELOPMENT_TEAM = P6P7F9RSRA;
				INFOPLIST_FILE = "Tap App/Info.plist";
				LD_RUNPATH_SEARCH_PATHS = (
					"$(inherited)",
					"@executable_path/Frameworks",
				);
				PRODUCT_BUNDLE_IDENTIFIER = "ai.axiom6.Tap-App";
				PRODUCT_NAME = "$(TARGET_NAME)";
				SWIFT_VERSION = 4.0;
				TARGETED_DEVICE_FAMILY = "1,2";
			};
			name = Debug;
		};
		1D07E86E20E9CF75002F8E93 /* Release */ = {
			isa = XCBuildConfiguration;
			buildSettings = {
				ASSETCATALOG_COMPILER_APPICON_NAME = AppIcon;
				CODE_SIGN_STYLE = Automatic;
				DEVELOPMENT_TEAM = P6P7F9RSRA;
				INFOPLIST_FILE = "Tap App/Info.plist";
				LD_RUNPATH_SEARCH_PATHS = (
					"$(inherited)",
					"@executable_path/Frameworks",
				);
				PRODUCT_BUNDLE_IDENTIFIER = "ai.axiom6.Tap-App";
				PRODUCT_NAME = "$(TARGET_NAME)";
				SWIFT_VERSION = 4.0;
				TARGETED_DEVICE_FAMILY = "1,2";
			};
			name = Release;
		};
/* End XCBuildConfiguration section */

/* Begin XCConfigurationList section */
		1D07E85520E9CF74002F8E93 /* Build configuration list for PBXProject "Tap App" */ = {
			isa = XCConfigurationList;
			buildConfigurations = (
				1D07E86A20E9CF75002F8E93 /* Debug */,
				1D07E86B20E9CF75002F8E93 /* Release */,
			);
			defaultConfigurationIsVisible = 0;
			defaultConfigurationName = Release;
		};
		1D07E86C20E9CF75002F8E93 /* Build configuration list for PBXNativeTarget "Tap App" */ = {
			isa = XCConfigurationList;
			buildConfigurations = (
				1D07E86D20E9CF75002F8E93 /* Debug */,
				1D07E86E20E9CF75002F8E93 /* Release */,
			);
			defaultConfigurationIsVisible = 0;
			defaultConfigurationName = Release;
		};
/* End XCConfigurationList section */
	};
	rootObject = 1D07E85220E9CF74002F8E93 /* Project object */;
}
